// !$*UTF8*$!
{
	archiveVersion = 1;
	classes = {
	};
	objectVersion = 55;
	objects = {

/* Begin PBXBuildFile section */
		2365D66B27A550BC00B95FEE /* AppDelegate.swift in Sources */ = {isa = PBXBuildFile; fileRef = 2365D66A27A550BC00B95FEE /* AppDelegate.swift */; };
		2365D66D27A550BC00B95FEE /* SceneDelegate.swift in Sources */ = {isa = PBXBuildFile; fileRef = 2365D66C27A550BC00B95FEE /* SceneDelegate.swift */; };
		2365D67427A550BF00B95FEE /* Assets.xcassets in Resources */ = {isa = PBXBuildFile; fileRef = 2365D67327A550BF00B95FEE /* Assets.xcassets */; };
		2365D67727A550BF00B95FEE /* LaunchScreen.storyboard in Resources */ = {isa = PBXBuildFile; fileRef = 2365D67527A550BF00B95FEE /* LaunchScreen.storyboard */; };
		2365D68F27A5529E00B95FEE /* TaskListBuilder.swift in Sources */ = {isa = PBXBuildFile; fileRef = 2365D68E27A5529E00B95FEE /* TaskListBuilder.swift */; };
		2365D69D27A5562800B95FEE /* TaskListInteractor.swift in Sources */ = {isa = PBXBuildFile; fileRef = 2365D69C27A5562800B95FEE /* TaskListInteractor.swift */; };
		2365D69F27A5563800B95FEE /* TaskListPresenter.swift in Sources */ = {isa = PBXBuildFile; fileRef = 2365D69E27A5563800B95FEE /* TaskListPresenter.swift */; };
		2365D6A127A5564A00B95FEE /* TaskListRouter.swift in Sources */ = {isa = PBXBuildFile; fileRef = 2365D6A027A5564A00B95FEE /* TaskListRouter.swift */; };
		2365D6A427A5567400B95FEE /* TaskListViewController.swift in Sources */ = {isa = PBXBuildFile; fileRef = 2365D6A227A5567400B95FEE /* TaskListViewController.swift */; };
		2365D6A527A5567400B95FEE /* TaskListViewController.xib in Resources */ = {isa = PBXBuildFile; fileRef = 2365D6A327A5567400B95FEE /* TaskListViewController.xib */; };
		2365D6A727A5580700B95FEE /* TaskListContracts.swift in Sources */ = {isa = PBXBuildFile; fileRef = 2365D6A627A5580700B95FEE /* TaskListContracts.swift */; };
		239AD15627A6711200BB4E75 /* TaskDetailBuilder.swift in Sources */ = {isa = PBXBuildFile; fileRef = 239AD15527A6711200BB4E75 /* TaskDetailBuilder.swift */; };
		239AD15827A6711C00BB4E75 /* TaskDetailContracts.swift in Sources */ = {isa = PBXBuildFile; fileRef = 239AD15727A6711C00BB4E75 /* TaskDetailContracts.swift */; };
		239AD15B27A6712800BB4E75 /* TaskDetailViewController.swift in Sources */ = {isa = PBXBuildFile; fileRef = 239AD15927A6712800BB4E75 /* TaskDetailViewController.swift */; };
		239AD15C27A6712800BB4E75 /* TaskDetailViewController.xib in Resources */ = {isa = PBXBuildFile; fileRef = 239AD15A27A6712800BB4E75 /* TaskDetailViewController.xib */; };
		239AD15E27A6713600BB4E75 /* TaskDetailInteractor.swift in Sources */ = {isa = PBXBuildFile; fileRef = 239AD15D27A6713600BB4E75 /* TaskDetailInteractor.swift */; };
		239AD16027A6714100BB4E75 /* TaskDetailPresentation.swift in Sources */ = {isa = PBXBuildFile; fileRef = 239AD15F27A6714100BB4E75 /* TaskDetailPresentation.swift */; };
		239AD16427A6715D00BB4E75 /* TaskDetailPresenter.swift in Sources */ = {isa = PBXBuildFile; fileRef = 239AD16327A6715D00BB4E75 /* TaskDetailPresenter.swift */; };
		239AD16627A6716500BB4E75 /* TaskDetailRouter.swift in Sources */ = {isa = PBXBuildFile; fileRef = 239AD16527A6716500BB4E75 /* TaskDetailRouter.swift */; };
		9F088AEE27B6A477003F6655 /* TaskCell.swift in Sources */ = {isa = PBXBuildFile; fileRef = 9F088AEC27B6A477003F6655 /* TaskCell.swift */; };
		9F088AEF27B6A477003F6655 /* TaskCell.xib in Resources */ = {isa = PBXBuildFile; fileRef = 9F088AED27B6A477003F6655 /* TaskCell.xib */; };
		9F48725E27B76CCD00B46BCC /* LocalNotificationManager.swift in Sources */ = {isa = PBXBuildFile; fileRef = 9F48725D27B76CCD00B46BCC /* LocalNotificationManager.swift */; };
		9FB93ECA27B6B9090080008A /* AppContainer.swift in Sources */ = {isa = PBXBuildFile; fileRef = 9FB93EC927B6B9080080008A /* AppContainer.swift */; };
		9FB93ECD27B6B92D0080008A /* AppRouter.swift in Sources */ = {isa = PBXBuildFile; fileRef = 9FB93ECC27B6B92D0080008A /* AppRouter.swift */; };
		9FB93ED327B6BAD30080008A /* ToDo_List.xcdatamodeld in Sources */ = {isa = PBXBuildFile; fileRef = 9FB93ED127B6BAD30080008A /* ToDo_List.xcdatamodeld */; };
		9FB93ED527B6BB1B0080008A /* CoreDataManager.swift in Sources */ = {isa = PBXBuildFile; fileRef = 9FB93ED427B6BB1B0080008A /* CoreDataManager.swift */; };
/* End PBXBuildFile section */

/* Begin PBXFileReference section */
		2365D66727A550BC00B95FEE /* ToDo-List.app */ = {isa = PBXFileReference; explicitFileType = wrapper.application; includeInIndex = 0; path = "ToDo-List.app"; sourceTree = BUILT_PRODUCTS_DIR; };
		2365D66A27A550BC00B95FEE /* AppDelegate.swift */ = {isa = PBXFileReference; lastKnownFileType = sourcecode.swift; path = AppDelegate.swift; sourceTree = "<group>"; };
		2365D66C27A550BC00B95FEE /* SceneDelegate.swift */ = {isa = PBXFileReference; lastKnownFileType = sourcecode.swift; path = SceneDelegate.swift; sourceTree = "<group>"; };
		2365D67327A550BF00B95FEE /* Assets.xcassets */ = {isa = PBXFileReference; lastKnownFileType = folder.assetcatalog; path = Assets.xcassets; sourceTree = "<group>"; };
		2365D67627A550BF00B95FEE /* Base */ = {isa = PBXFileReference; lastKnownFileType = file.storyboard; name = Base; path = Base.lproj/LaunchScreen.storyboard; sourceTree = "<group>"; };
		2365D67827A550BF00B95FEE /* Info.plist */ = {isa = PBXFileReference; lastKnownFileType = text.plist.xml; path = Info.plist; sourceTree = "<group>"; };
		2365D68E27A5529E00B95FEE /* TaskListBuilder.swift */ = {isa = PBXFileReference; lastKnownFileType = sourcecode.swift; path = TaskListBuilder.swift; sourceTree = "<group>"; };
		2365D69C27A5562800B95FEE /* TaskListInteractor.swift */ = {isa = PBXFileReference; lastKnownFileType = sourcecode.swift; path = TaskListInteractor.swift; sourceTree = "<group>"; };
		2365D69E27A5563800B95FEE /* TaskListPresenter.swift */ = {isa = PBXFileReference; lastKnownFileType = sourcecode.swift; path = TaskListPresenter.swift; sourceTree = "<group>"; };
		2365D6A027A5564A00B95FEE /* TaskListRouter.swift */ = {isa = PBXFileReference; lastKnownFileType = sourcecode.swift; path = TaskListRouter.swift; sourceTree = "<group>"; };
		2365D6A227A5567400B95FEE /* TaskListViewController.swift */ = {isa = PBXFileReference; lastKnownFileType = sourcecode.swift; path = TaskListViewController.swift; sourceTree = "<group>"; };
		2365D6A327A5567400B95FEE /* TaskListViewController.xib */ = {isa = PBXFileReference; lastKnownFileType = file.xib; path = TaskListViewController.xib; sourceTree = "<group>"; };
		2365D6A627A5580700B95FEE /* TaskListContracts.swift */ = {isa = PBXFileReference; lastKnownFileType = sourcecode.swift; path = TaskListContracts.swift; sourceTree = "<group>"; };
		239AD15527A6711200BB4E75 /* TaskDetailBuilder.swift */ = {isa = PBXFileReference; lastKnownFileType = sourcecode.swift; path = TaskDetailBuilder.swift; sourceTree = "<group>"; };
		239AD15727A6711C00BB4E75 /* TaskDetailContracts.swift */ = {isa = PBXFileReference; lastKnownFileType = sourcecode.swift; path = TaskDetailContracts.swift; sourceTree = "<group>"; };
		239AD15927A6712800BB4E75 /* TaskDetailViewController.swift */ = {isa = PBXFileReference; lastKnownFileType = sourcecode.swift; path = TaskDetailViewController.swift; sourceTree = "<group>"; };
		239AD15A27A6712800BB4E75 /* TaskDetailViewController.xib */ = {isa = PBXFileReference; lastKnownFileType = file.xib; path = TaskDetailViewController.xib; sourceTree = "<group>"; };
		239AD15D27A6713600BB4E75 /* TaskDetailInteractor.swift */ = {isa = PBXFileReference; lastKnownFileType = sourcecode.swift; path = TaskDetailInteractor.swift; sourceTree = "<group>"; };
		239AD15F27A6714100BB4E75 /* TaskDetailPresentation.swift */ = {isa = PBXFileReference; lastKnownFileType = sourcecode.swift; path = TaskDetailPresentation.swift; sourceTree = "<group>"; };
		239AD16327A6715D00BB4E75 /* TaskDetailPresenter.swift */ = {isa = PBXFileReference; lastKnownFileType = sourcecode.swift; path = TaskDetailPresenter.swift; sourceTree = "<group>"; };
		239AD16527A6716500BB4E75 /* TaskDetailRouter.swift */ = {isa = PBXFileReference; lastKnownFileType = sourcecode.swift; path = TaskDetailRouter.swift; sourceTree = "<group>"; };
		9F088AEC27B6A477003F6655 /* TaskCell.swift */ = {isa = PBXFileReference; fileEncoding = 4; lastKnownFileType = sourcecode.swift; path = TaskCell.swift; sourceTree = "<group>"; };
		9F088AED27B6A477003F6655 /* TaskCell.xib */ = {isa = PBXFileReference; fileEncoding = 4; lastKnownFileType = file.xib; path = TaskCell.xib; sourceTree = "<group>"; };
		9F48725D27B76CCD00B46BCC /* LocalNotificationManager.swift */ = {isa = PBXFileReference; lastKnownFileType = sourcecode.swift; path = LocalNotificationManager.swift; sourceTree = "<group>"; };
		9FB93EC927B6B9080080008A /* AppContainer.swift */ = {isa = PBXFileReference; lastKnownFileType = sourcecode.swift; path = AppContainer.swift; sourceTree = "<group>"; };
		9FB93ECC27B6B92D0080008A /* AppRouter.swift */ = {isa = PBXFileReference; lastKnownFileType = sourcecode.swift; path = AppRouter.swift; sourceTree = "<group>"; };
		9FB93ED227B6BAD30080008A /* ToDo_List.xcdatamodel */ = {isa = PBXFileReference; lastKnownFileType = wrapper.xcdatamodel; path = ToDo_List.xcdatamodel; sourceTree = "<group>"; };
		9FB93ED427B6BB1B0080008A /* CoreDataManager.swift */ = {isa = PBXFileReference; lastKnownFileType = sourcecode.swift; path = CoreDataManager.swift; sourceTree = "<group>"; };
/* End PBXFileReference section */

/* Begin PBXFrameworksBuildPhase section */
		2365D66427A550BC00B95FEE /* Frameworks */ = {
			isa = PBXFrameworksBuildPhase;
			buildActionMask = 2147483647;
			files = (
			);
			runOnlyForDeploymentPostprocessing = 0;
		};
/* End PBXFrameworksBuildPhase section */

/* Begin PBXGroup section */
		2365D65E27A550BC00B95FEE = {
			isa = PBXGroup;
			children = (
				2365D66927A550BC00B95FEE /* ToDo-List */,
				2365D66827A550BC00B95FEE /* Products */,
			);
			sourceTree = "<group>";
		};
		2365D66827A550BC00B95FEE /* Products */ = {
			isa = PBXGroup;
			children = (
				2365D66727A550BC00B95FEE /* ToDo-List.app */,
			);
			name = Products;
			sourceTree = "<group>";
		};
		2365D66927A550BC00B95FEE /* ToDo-List */ = {
			isa = PBXGroup;
			children = (
				2365D68627A5521400B95FEE /* Screens */,
				9F088AEB27B6A477003F6655 /* Cells */,
				9FB93ECE27B6BA700080008A /* Extensions */,
				9FB93ECF27B6BA770080008A /* Managers */,
				9FB93ED027B6BA7E0080008A /* Database */,
				2365D67E27A551A900B95FEE /* Resources */,
			);
			path = "ToDo-List";
			sourceTree = "<group>";
		};
		2365D67E27A551A900B95FEE /* Resources */ = {
			isa = PBXGroup;
			children = (
				9FB93EC927B6B9080080008A /* AppContainer.swift */,
				9FB93ECC27B6B92D0080008A /* AppRouter.swift */,
				2365D66A27A550BC00B95FEE /* AppDelegate.swift */,
				2365D66C27A550BC00B95FEE /* SceneDelegate.swift */,
				2365D67327A550BF00B95FEE /* Assets.xcassets */,
				2365D67527A550BF00B95FEE /* LaunchScreen.storyboard */,
				2365D67827A550BF00B95FEE /* Info.plist */,
			);
			path = Resources;
			sourceTree = "<group>";
		};
		2365D68627A5521400B95FEE /* Screens */ = {
			isa = PBXGroup;
			children = (
				2365D68727A5521C00B95FEE /* TaskList */,
				239AD15427A670E700BB4E75 /* TaskDetail */,
			);
			path = Screens;
			sourceTree = "<group>";
		};
		2365D68727A5521C00B95FEE /* TaskList */ = {
			isa = PBXGroup;
			children = (
				2365D68E27A5529E00B95FEE /* TaskListBuilder.swift */,
				2365D6A627A5580700B95FEE /* TaskListContracts.swift */,
				2365D6A227A5567400B95FEE /* TaskListViewController.swift */,
				2365D6A327A5567400B95FEE /* TaskListViewController.xib */,
				2365D69C27A5562800B95FEE /* TaskListInteractor.swift */,
				2365D69E27A5563800B95FEE /* TaskListPresenter.swift */,
				2365D6A027A5564A00B95FEE /* TaskListRouter.swift */,
			);
			path = TaskList;
			sourceTree = "<group>";
		};
		239AD15427A670E700BB4E75 /* TaskDetail */ = {
			isa = PBXGroup;
			children = (
				239AD15527A6711200BB4E75 /* TaskDetailBuilder.swift */,
				239AD15727A6711C00BB4E75 /* TaskDetailContracts.swift */,
				239AD15927A6712800BB4E75 /* TaskDetailViewController.swift */,
				239AD15A27A6712800BB4E75 /* TaskDetailViewController.xib */,
				239AD15D27A6713600BB4E75 /* TaskDetailInteractor.swift */,
				239AD15F27A6714100BB4E75 /* TaskDetailPresentation.swift */,
				239AD16327A6715D00BB4E75 /* TaskDetailPresenter.swift */,
				239AD16527A6716500BB4E75 /* TaskDetailRouter.swift */,
			);
			path = TaskDetail;
			sourceTree = "<group>";
		};
		9F088AEB27B6A477003F6655 /* Cells */ = {
			isa = PBXGroup;
			children = (
				9F088AEC27B6A477003F6655 /* TaskCell.swift */,
				9F088AED27B6A477003F6655 /* TaskCell.xib */,
			);
			path = Cells;
			sourceTree = "<group>";
		};
		9FB93ECE27B6BA700080008A /* Extensions */ = {
			isa = PBXGroup;
			children = (
			);
			path = Extensions;
			sourceTree = "<group>";
		};
		9FB93ECF27B6BA770080008A /* Managers */ = {
			isa = PBXGroup;
			children = (
				9FB93ED427B6BB1B0080008A /* CoreDataManager.swift */,
				9F48725D27B76CCD00B46BCC /* LocalNotificationManager.swift */,
			);
			path = Managers;
			sourceTree = "<group>";
		};
		9FB93ED027B6BA7E0080008A /* Database */ = {
			isa = PBXGroup;
			children = (
				9FB93ED127B6BAD30080008A /* ToDo_List.xcdatamodeld */,
			);
			path = Database;
			sourceTree = "<group>";
		};
/* End PBXGroup section */

/* Begin PBXNativeTarget section */
		2365D66627A550BC00B95FEE /* ToDo-List */ = {
			isa = PBXNativeTarget;
			buildConfigurationList = 2365D67B27A550BF00B95FEE /* Build configuration list for PBXNativeTarget "ToDo-List" */;
			buildPhases = (
				2365D66327A550BC00B95FEE /* Sources */,
				2365D66427A550BC00B95FEE /* Frameworks */,
				2365D66527A550BC00B95FEE /* Resources */,
			);
			buildRules = (
			);
			dependencies = (
			);
			name = "ToDo-List";
			packageProductDependencies = (
			);
			productName = "ToDo-List";
			productReference = 2365D66727A550BC00B95FEE /* ToDo-List.app */;
			productType = "com.apple.product-type.application";
		};
/* End PBXNativeTarget section */

/* Begin PBXProject section */
		2365D65F27A550BC00B95FEE /* Project object */ = {
			isa = PBXProject;
			attributes = {
				BuildIndependentTargetsInParallel = 1;
				LastSwiftUpdateCheck = 1320;
				LastUpgradeCheck = 1320;
				TargetAttributes = {
					2365D66627A550BC00B95FEE = {
						CreatedOnToolsVersion = 13.2.1;
					};
				};
			};
			buildConfigurationList = 2365D66227A550BC00B95FEE /* Build configuration list for PBXProject "ToDo-List" */;
			compatibilityVersion = "Xcode 13.0";
			developmentRegion = en;
			hasScannedForEncodings = 0;
			knownRegions = (
				en,
				Base,
			);
			mainGroup = 2365D65E27A550BC00B95FEE;
			packageReferences = (
			);
			productRefGroup = 2365D66827A550BC00B95FEE /* Products */;
			projectDirPath = "";
			projectRoot = "";
			targets = (
				2365D66627A550BC00B95FEE /* ToDo-List */,
			);
		};
/* End PBXProject section */

/* Begin PBXResourcesBuildPhase section */
		2365D66527A550BC00B95FEE /* Resources */ = {
			isa = PBXResourcesBuildPhase;
			buildActionMask = 2147483647;
			files = (
				239AD15C27A6712800BB4E75 /* TaskDetailViewController.xib in Resources */,
				9F088AEF27B6A477003F6655 /* TaskCell.xib in Resources */,
				2365D6A527A5567400B95FEE /* TaskListViewController.xib in Resources */,
				2365D67727A550BF00B95FEE /* LaunchScreen.storyboard in Resources */,
				2365D67427A550BF00B95FEE /* Assets.xcassets in Resources */,
			);
			runOnlyForDeploymentPostprocessing = 0;
		};
/* End PBXResourcesBuildPhase section */

/* Begin PBXSourcesBuildPhase section */
		2365D66327A550BC00B95FEE /* Sources */ = {
			isa = PBXSourcesBuildPhase;
			buildActionMask = 2147483647;
			files = (
				239AD15627A6711200BB4E75 /* TaskDetailBuilder.swift in Sources */,
				9F088AEE27B6A477003F6655 /* TaskCell.swift in Sources */,
				239AD16027A6714100BB4E75 /* TaskDetailPresentation.swift in Sources */,
				9F48725E27B76CCD00B46BCC /* LocalNotificationManager.swift in Sources */,
				2365D6A127A5564A00B95FEE /* TaskListRouter.swift in Sources */,
				239AD16427A6715D00BB4E75 /* TaskDetailPresenter.swift in Sources */,
				2365D69D27A5562800B95FEE /* TaskListInteractor.swift in Sources */,
				2365D68F27A5529E00B95FEE /* TaskListBuilder.swift in Sources */,
				2365D69F27A5563800B95FEE /* TaskListPresenter.swift in Sources */,
				2365D6A727A5580700B95FEE /* TaskListContracts.swift in Sources */,
				2365D6A427A5567400B95FEE /* TaskListViewController.swift in Sources */,
				9FB93ED327B6BAD30080008A /* ToDo_List.xcdatamodeld in Sources */,
				239AD15B27A6712800BB4E75 /* TaskDetailViewController.swift in Sources */,
				9FB93ECA27B6B9090080008A /* AppContainer.swift in Sources */,
				239AD15827A6711C00BB4E75 /* TaskDetailContracts.swift in Sources */,
				2365D66B27A550BC00B95FEE /* AppDelegate.swift in Sources */,
				9FB93ECD27B6B92D0080008A /* AppRouter.swift in Sources */,
				2365D66D27A550BC00B95FEE /* SceneDelegate.swift in Sources */,
				239AD16627A6716500BB4E75 /* TaskDetailRouter.swift in Sources */,
				9FB93ED527B6BB1B0080008A /* CoreDataManager.swift in Sources */,
				239AD15E27A6713600BB4E75 /* TaskDetailInteractor.swift in Sources */,
			);
			runOnlyForDeploymentPostprocessing = 0;
		};
/* End PBXSourcesBuildPhase section */

/* Begin PBXVariantGroup section */
		2365D67527A550BF00B95FEE /* LaunchScreen.storyboard */ = {
			isa = PBXVariantGroup;
			children = (
				2365D67627A550BF00B95FEE /* Base */,
			);
			name = LaunchScreen.storyboard;
			sourceTree = "<group>";
		};
/* End PBXVariantGroup section */

/* Begin XCBuildConfiguration section */
		2365D67927A550BF00B95FEE /* Debug */ = {
			isa = XCBuildConfiguration;
			buildSettings = {
				ALWAYS_SEARCH_USER_PATHS = NO;
				CLANG_ANALYZER_NONNULL = YES;
				CLANG_ANALYZER_NUMBER_OBJECT_CONVERSION = YES_AGGRESSIVE;
				CLANG_CXX_LANGUAGE_STANDARD = "gnu++17";
				CLANG_CXX_LIBRARY = "libc++";
				CLANG_ENABLE_MODULES = YES;
				CLANG_ENABLE_OBJC_ARC = YES;
				CLANG_ENABLE_OBJC_WEAK = YES;
				CLANG_WARN_BLOCK_CAPTURE_AUTORELEASING = YES;
				CLANG_WARN_BOOL_CONVERSION = YES;
				CLANG_WARN_COMMA = YES;
				CLANG_WARN_CONSTANT_CONVERSION = YES;
				CLANG_WARN_DEPRECATED_OBJC_IMPLEMENTATIONS = YES;
				CLANG_WARN_DIRECT_OBJC_ISA_USAGE = YES_ERROR;
				CLANG_WARN_DOCUMENTATION_COMMENTS = YES;
				CLANG_WARN_EMPTY_BODY = YES;
				CLANG_WARN_ENUM_CONVERSION = YES;
				CLANG_WARN_INFINITE_RECURSION = YES;
				CLANG_WARN_INT_CONVERSION = YES;
				CLANG_WARN_NON_LITERAL_NULL_CONVERSION = YES;
				CLANG_WARN_OBJC_IMPLICIT_RETAIN_SELF = YES;
				CLANG_WARN_OBJC_LITERAL_CONVERSION = YES;
				CLANG_WARN_OBJC_ROOT_CLASS = YES_ERROR;
				CLANG_WARN_QUOTED_INCLUDE_IN_FRAMEWORK_HEADER = YES;
				CLANG_WARN_RANGE_LOOP_ANALYSIS = YES;
				CLANG_WARN_STRICT_PROTOTYPES = YES;
				CLANG_WARN_SUSPICIOUS_MOVE = YES;
				CLANG_WARN_UNGUARDED_AVAILABILITY = YES_AGGRESSIVE;
				CLANG_WARN_UNREACHABLE_CODE = YES;
				CLANG_WARN__DUPLICATE_METHOD_MATCH = YES;
				COPY_PHASE_STRIP = NO;
				DEBUG_INFORMATION_FORMAT = dwarf;
				ENABLE_STRICT_OBJC_MSGSEND = YES;
				ENABLE_TESTABILITY = YES;
				GCC_C_LANGUAGE_STANDARD = gnu11;
				GCC_DYNAMIC_NO_PIC = NO;
				GCC_NO_COMMON_BLOCKS = YES;
				GCC_OPTIMIZATION_LEVEL = 0;
				GCC_PREPROCESSOR_DEFINITIONS = (
					"DEBUG=1",
					"$(inherited)",
				);
				GCC_WARN_64_TO_32_BIT_CONVERSION = YES;
				GCC_WARN_ABOUT_RETURN_TYPE = YES_ERROR;
				GCC_WARN_UNDECLARED_SELECTOR = YES;
				GCC_WARN_UNINITIALIZED_AUTOS = YES_AGGRESSIVE;
				GCC_WARN_UNUSED_FUNCTION = YES;
				GCC_WARN_UNUSED_VARIABLE = YES;
				IPHONEOS_DEPLOYMENT_TARGET = 15.2;
				MTL_ENABLE_DEBUG_INFO = INCLUDE_SOURCE;
				MTL_FAST_MATH = YES;
				ONLY_ACTIVE_ARCH = YES;
				SDKROOT = iphoneos;
				SWIFT_ACTIVE_COMPILATION_CONDITIONS = DEBUG;
				SWIFT_OPTIMIZATION_LEVEL = "-Onone";
			};
			name = Debug;
		};
		2365D67A27A550BF00B95FEE /* Release */ = {
			isa = XCBuildConfiguration;
			buildSettings = {
				ALWAYS_SEARCH_USER_PATHS = NO;
				CLANG_ANALYZER_NONNULL = YES;
				CLANG_ANALYZER_NUMBER_OBJECT_CONVERSION = YES_AGGRESSIVE;
				CLANG_CXX_LANGUAGE_STANDARD = "gnu++17";
				CLANG_CXX_LIBRARY = "libc++";
				CLANG_ENABLE_MODULES = YES;
				CLANG_ENABLE_OBJC_ARC = YES;
				CLANG_ENABLE_OBJC_WEAK = YES;
				CLANG_WARN_BLOCK_CAPTURE_AUTORELEASING = YES;
				CLANG_WARN_BOOL_CONVERSION = YES;
				CLANG_WARN_COMMA = YES;
				CLANG_WARN_CONSTANT_CONVERSION = YES;
				CLANG_WARN_DEPRECATED_OBJC_IMPLEMENTATIONS = YES;
				CLANG_WARN_DIRECT_OBJC_ISA_USAGE = YES_ERROR;
				CLANG_WARN_DOCUMENTATION_COMMENTS = YES;
				CLANG_WARN_EMPTY_BODY = YES;
				CLANG_WARN_ENUM_CONVERSION = YES;
				CLANG_WARN_INFINITE_RECURSION = YES;
				CLANG_WARN_INT_CONVERSION = YES;
				CLANG_WARN_NON_LITERAL_NULL_CONVERSION = YES;
				CLANG_WARN_OBJC_IMPLICIT_RETAIN_SELF = YES;
				CLANG_WARN_OBJC_LITERAL_CONVERSION = YES;
				CLANG_WARN_OBJC_ROOT_CLASS = YES_ERROR;
				CLANG_WARN_QUOTED_INCLUDE_IN_FRAMEWORK_HEADER = YES;
				CLANG_WARN_RANGE_LOOP_ANALYSIS = YES;
				CLANG_WARN_STRICT_PROTOTYPES = YES;
				CLANG_WARN_SUSPICIOUS_MOVE = YES;
				CLANG_WARN_UNGUARDED_AVAILABILITY = YES_AGGRESSIVE;
				CLANG_WARN_UNREACHABLE_CODE = YES;
				CLANG_WARN__DUPLICATE_METHOD_MATCH = YES;
				COPY_PHASE_STRIP = NO;
				DEBUG_INFORMATION_FORMAT = "dwarf-with-dsym";
				ENABLE_NS_ASSERTIONS = NO;
				ENABLE_STRICT_OBJC_MSGSEND = YES;
				GCC_C_LANGUAGE_STANDARD = gnu11;
				GCC_NO_COMMON_BLOCKS = YES;
				GCC_WARN_64_TO_32_BIT_CONVERSION = YES;
				GCC_WARN_ABOUT_RETURN_TYPE = YES_ERROR;
				GCC_WARN_UNDECLARED_SELECTOR = YES;
				GCC_WARN_UNINITIALIZED_AUTOS = YES_AGGRESSIVE;
				GCC_WARN_UNUSED_FUNCTION = YES;
				GCC_WARN_UNUSED_VARIABLE = YES;
				IPHONEOS_DEPLOYMENT_TARGET = 15.2;
				MTL_ENABLE_DEBUG_INFO = NO;
				MTL_FAST_MATH = YES;
				SDKROOT = iphoneos;
				SWIFT_COMPILATION_MODE = wholemodule;
				SWIFT_OPTIMIZATION_LEVEL = "-O";
				VALIDATE_PRODUCT = YES;
			};
			name = Release;
		};
		2365D67C27A550BF00B95FEE /* Debug */ = {
			isa = XCBuildConfiguration;
			buildSettings = {
				ASSETCATALOG_COMPILER_APPICON_NAME = AppIcon;
				ASSETCATALOG_COMPILER_GLOBAL_ACCENT_COLOR_NAME = AccentColor;
				CODE_SIGN_STYLE = Automatic;
				CURRENT_PROJECT_VERSION = 1;
				DEVELOPMENT_TEAM = B44GZRWBN9;
				GENERATE_INFOPLIST_FILE = YES;
				INFOPLIST_FILE = "ToDo-List/Resources/Info.plist";
				INFOPLIST_KEY_UIApplicationSupportsIndirectInputEvents = YES;
				INFOPLIST_KEY_UILaunchStoryboardName = LaunchScreen;
				INFOPLIST_KEY_UISupportedInterfaceOrientations_iPad = "UIInterfaceOrientationPortrait UIInterfaceOrientationPortraitUpsideDown UIInterfaceOrientationLandscapeLeft UIInterfaceOrientationLandscapeRight";
				INFOPLIST_KEY_UISupportedInterfaceOrientations_iPhone = "UIInterfaceOrientationPortrait UIInterfaceOrientationLandscapeLeft UIInterfaceOrientationLandscapeRight";
				LD_RUNPATH_SEARCH_PATHS = (
					"$(inherited)",
					"@executable_path/Frameworks",
				);
				MARKETING_VERSION = 1.0;
				PRODUCT_BUNDLE_IDENTIFIER = "com.HasanElhuseyin.ToDo-List";
				PRODUCT_NAME = "$(TARGET_NAME)";
				SWIFT_EMIT_LOC_STRINGS = YES;
				SWIFT_VERSION = 5.0;
				TARGETED_DEVICE_FAMILY = "1,2";
			};
			name = Debug;
		};
		2365D67D27A550BF00B95FEE /* Release */ = {
			isa = XCBuildConfiguration;
			buildSettings = {
				ASSETCATALOG_COMPILER_APPICON_NAME = AppIcon;
				ASSETCATALOG_COMPILER_GLOBAL_ACCENT_COLOR_NAME = AccentColor;
				CODE_SIGN_STYLE = Automatic;
				CURRENT_PROJECT_VERSION = 1;
				DEVELOPMENT_TEAM = B44GZRWBN9;
				GENERATE_INFOPLIST_FILE = YES;
				INFOPLIST_FILE = "ToDo-List/Resources/Info.plist";
				INFOPLIST_KEY_UIApplicationSupportsIndirectInputEvents = YES;
				INFOPLIST_KEY_UILaunchStoryboardName = LaunchScreen;
				INFOPLIST_KEY_UISupportedInterfaceOrientations_iPad = "UIInterfaceOrientationPortrait UIInterfaceOrientationPortraitUpsideDown UIInterfaceOrientationLandscapeLeft UIInterfaceOrientationLandscapeRight";
				INFOPLIST_KEY_UISupportedInterfaceOrientations_iPhone = "UIInterfaceOrientationPortrait UIInterfaceOrientationLandscapeLeft UIInterfaceOrientationLandscapeRight";
				LD_RUNPATH_SEARCH_PATHS = (
					"$(inherited)",
					"@executable_path/Frameworks",
				);
				MARKETING_VERSION = 1.0;
				PRODUCT_BUNDLE_IDENTIFIER = "com.HasanElhuseyin.ToDo-List";
				PRODUCT_NAME = "$(TARGET_NAME)";
				SWIFT_EMIT_LOC_STRINGS = YES;
				SWIFT_VERSION = 5.0;
				TARGETED_DEVICE_FAMILY = "1,2";
			};
			name = Release;
		};
/* End XCBuildConfiguration section */

/* Begin XCConfigurationList section */
		2365D66227A550BC00B95FEE /* Build configuration list for PBXProject "ToDo-List" */ = {
			isa = XCConfigurationList;
			buildConfigurations = (
				2365D67927A550BF00B95FEE /* Debug */,
				2365D67A27A550BF00B95FEE /* Release */,
			);
			defaultConfigurationIsVisible = 0;
			defaultConfigurationName = Release;
		};
		2365D67B27A550BF00B95FEE /* Build configuration list for PBXNativeTarget "ToDo-List" */ = {
			isa = XCConfigurationList;
			buildConfigurations = (
				2365D67C27A550BF00B95FEE /* Debug */,
				2365D67D27A550BF00B95FEE /* Release */,
			);
			defaultConfigurationIsVisible = 0;
			defaultConfigurationName = Release;
		};
/* End XCConfigurationList section */

/* Begin XCVersionGroup section */
		9FB93ED127B6BAD30080008A /* ToDo_List.xcdatamodeld */ = {
			isa = XCVersionGroup;
			children = (
				9FB93ED227B6BAD30080008A /* ToDo_List.xcdatamodel */,
			);
			currentVersion = 9FB93ED227B6BAD30080008A /* ToDo_List.xcdatamodel */;
			path = ToDo_List.xcdatamodeld;
			sourceTree = "<group>";
			versionGroupType = wrapper.xcdatamodel;
		};
/* End XCVersionGroup section */
	};
	rootObject = 2365D65F27A550BC00B95FEE /* Project object */;
}
